github.com/gin-gonic/gin v1.9.1/go.mod h1:hPrL7YrpYKXt5YId3A/Tnip5kqbEAP+KLuI3SUcPTeU=
github.com/go-redis/redis/v8 v8.11.5/go.mod h1:gREzHqY1hg6oD9ngVRbLStwAWKhA0FEgq8Jd4h5lpwo=
github.com/golang-migrate/migrate/v4 v4.17.0/go.mod h1:+Cp2mtLP4/aXDTKb9wmXYitdrNx2HGs45rbWAo6OsKM=
github.com/jackc/pgx/v5 v5.5.5/go.mod h1:ez9gk+OAat140fv9ErkZDYFWmXLfV+++K0uAOiwgm1A=
github.com/joho/godotenv v1.5.1/go.mod h1:f4LDr5Voq0i2e/R5DDNOoa2zzDfwtkZa6DnEwAbqwq4=
github.com/stretchr/testify v1.8.4/go.mod h1:sz/lmYIOXD/1dqDmKjjqLyZ2RngseejIcXlSw2iwfAo=
github.com/testcontainers/testcontainers-go v0.27.0/go.mod h1:+HgYZcd17GshBUZv9b+jKFJ198heWPQq3KQIp2+N+7U=
golang.org/x/crypto v0.17.0/go.mod h1:gCAAfMLgwOJRpTjQ2zCCt2OcSfYMTeZVSRtQlPC7Nq4=
